<?xml version="1.0" encoding="utf-8"?>
<Project ToolsVersion="4.0" xmlns="http://schemas.microsoft.com/developer/msbuild/2003">
  <ItemGroup>
    <Filter Include="IMGUI">
      <UniqueIdentifier>{56967b73-edfb-4d8a-aac3-7f71967b4285}</UniqueIdentifier>
    </Filter>
    <Filter Include="IMGUI\backends">
      <UniqueIdentifier>{de0754ac-e855-4b5f-8675-267a1390bc6c}</UniqueIdentifier>
    </Filter>
    <Filter Include="Scene Editor">
      <UniqueIdentifier>{dd73680c-8aa1-4a43-86cc-2dacc74b34c3}</UniqueIdentifier>
    </Filter>
    <Filter Include="Scene Editor\Scene Camera">
      <UniqueIdentifier>{010fa813-0e72-466a-aba9-67e255ac6210}</UniqueIdentifier>
    </Filter>
    <Filter Include="Scene Editor\UI">
      <UniqueIdentifier>{ba3f5e7f-4262-4870-acc2-b78da129bf98}</UniqueIdentifier>
    </Filter>
    <Filter Include="Scene Editor\UI\Windows">
      <UniqueIdentifier>{d1c59cb3-e56c-4d7f-8507-cc17e4c5ceac}</UniqueIdentifier>
    </Filter>
    <Filter Include="Command">
      <UniqueIdentifier>{4c7a4ccd-923b-4e8f-bcc6-0e612c108131}</UniqueIdentifier>
    </Filter>
    <Filter Include="Components">
      <UniqueIdentifier>{2bccf87f-84e0-4ff4-a799-70e37e889f25}</UniqueIdentifier>
    </Filter>
    <Filter Include="Components\TransformComponent">
      <UniqueIdentifier>{609a52b1-4578-46d4-9926-da86da7cb34d}</UniqueIdentifier>
    </Filter>
    <Filter Include="Components\MeshComponent">
      <UniqueIdentifier>{dd610c27-8279-4eef-adad-2c52544b88c8}</UniqueIdentifier>
    </Filter>
    <Filter Include="EngineTime">
      <UniqueIdentifier>{3da925a3-3c62-4887-849d-d698b7de3d1b}</UniqueIdentifier>
    </Filter>
    <Filter Include="GameObjectManager">
      <UniqueIdentifier>{9a7de1f4-0930-4606-a003-c7bfb0df8448}</UniqueIdentifier>
    </Filter>
    <Filter Include="GameObjectManager\Cube">
      <UniqueIdentifier>{d07539b7-d04b-4c9c-88a6-94e1c80d3edd}</UniqueIdentifier>
    </Filter>
    <Filter Include="GameObjectManager\Plane">
      <UniqueIdentifier>{1ce999aa-21c5-4500-9429-1d93b01e3cbd}</UniqueIdentifier>
    </Filter>
    <Filter Include="GameObjectManager\Sphere">
      <UniqueIdentifier>{066cb201-07b5-4e81-80df-88abc1e2a571}</UniqueIdentifier>
    </Filter>
    <Filter Include="GameObjectManager\Pot">
      <UniqueIdentifier>{736088b8-2b05-4808-9224-06a1c0e9a851}</UniqueIdentifier>
    </Filter>
    <Filter Include="GameObjectManager\Bunny">
      <UniqueIdentifier>{0f12ea97-8ee4-4560-aa57-0c790aa05159}</UniqueIdentifier>
    </Filter>
    <Filter Include="GameObjectManager\Armadillo">
      <UniqueIdentifier>{8605ebff-c00b-4bb1-a93b-2f8b4d3f3512}</UniqueIdentifier>
    </Filter>
    <Filter Include="GraphicsEngine">
      <UniqueIdentifier>{e88ba9c0-b1a0-480d-b55b-8a9f3d86b5dd}</UniqueIdentifier>
    </Filter>
    <Filter Include="GraphicsEngine\Render System">
      <UniqueIdentifier>{ddd22fc3-a4e7-4743-89e1-f62af505c144}</UniqueIdentifier>
    </Filter>
    <Filter Include="GraphicsEngine\Render System\ConstantBuffer">
      <UniqueIdentifier>{5269d60d-f823-4a8c-a6a7-b55d1b624ce2}</UniqueIdentifier>
    </Filter>
    <Filter Include="GraphicsEngine\Render System\DeviceContext">
      <UniqueIdentifier>{bf235553-cc79-42f9-9c93-b07483989168}</UniqueIdentifier>
    </Filter>
    <Filter Include="GraphicsEngine\Render System\IndexBuffer">
      <UniqueIdentifier>{3e8c58b7-ca5b-4684-8689-0c3e55636599}</UniqueIdentifier>
    </Filter>
    <Filter Include="GraphicsEngine\Render System\PixelShader">
      <UniqueIdentifier>{f91e4b11-8e7a-4391-829f-aa36031ec7bc}</UniqueIdentifier>
    </Filter>
    <Filter Include="GraphicsEngine\Render System\SwapChain">
      <UniqueIdentifier>{83ef068a-91f7-4450-9d42-e574a5397b0f}</UniqueIdentifier>
    </Filter>
    <Filter Include="GraphicsEngine\Render System\VertexBuffer">
      <UniqueIdentifier>{2d46f61d-e749-4098-aa02-54b51be7bdc6}</UniqueIdentifier>
    </Filter>
    <Filter Include="GraphicsEngine\Render System\VertexShader">
      <UniqueIdentifier>{20fd9d8d-87da-49a0-b792-20223ebb7e96}</UniqueIdentifier>
    </Filter>
    <Filter Include="GraphicsEngine\ResourceManager">
      <UniqueIdentifier>{eae83ed7-0096-43c8-a126-1e44942df0ed}</UniqueIdentifier>
    </Filter>
    <Filter Include="GraphicsEngine\ResourceManager\TextureManager">
      <UniqueIdentifier>{ae8ee4f9-5453-4ed8-b562-8df2215346e6}</UniqueIdentifier>
    </Filter>
    <Filter Include="GraphicsEngine\MeshManager">
      <UniqueIdentifier>{86198e21-d2cf-4fcb-a1b4-c09f8f0d0091}</UniqueIdentifier>
    </Filter>
    <Filter Include="GraphicsEngine\ShaderManager">
      <UniqueIdentifier>{dc5a6225-4a26-4061-a58b-06594c82ae26}</UniqueIdentifier>
    </Filter>
    <Filter Include="InputSystem">
      <UniqueIdentifier>{de312694-f81b-4676-9e3a-b8d869aaa565}</UniqueIdentifier>
    </Filter>
    <Filter Include="Math">
      <UniqueIdentifier>{7f84d2a5-b152-4275-a796-09b768cd65dc}</UniqueIdentifier>
    </Filter>
    <Filter Include="WindowingSystem">
      <UniqueIdentifier>{6bc62103-a9d6-4044-a480-0fad1118a23b}</UniqueIdentifier>
    </Filter>
    <Filter Include="DX3D">
      <UniqueIdentifier>{a9a42843-664b-4f2b-89c3-f5a0b987cbe3}</UniqueIdentifier>
    </Filter>
    <Filter Include="DX3D\Include">
      <UniqueIdentifier>{4970e152-82ff-4e79-88c0-c6be09b90f0d}</UniqueIdentifier>
    </Filter>
  </ItemGroup>
  <ItemGroup>
    <ClCompile Include="DX3D\Vendor\IMGUI\imgui.cpp">
      <Filter>IMGUI</Filter>
    </ClCompile>
    <ClCompile Include="DX3D\Vendor\IMGUI\imgui_demo.cpp">
      <Filter>IMGUI</Filter>
    </ClCompile>
    <ClCompile Include="DX3D\Vendor\IMGUI\imgui_draw.cpp">
      <Filter>IMGUI</Filter>
    </ClCompile>
    <ClCompile Include="DX3D\Vendor\IMGUI\imgui_tables.cpp">
      <Filter>IMGUI</Filter>
    </ClCompile>
    <ClCompile Include="DX3D\Vendor\IMGUI\imgui_widgets.cpp">
      <Filter>IMGUI</Filter>
    </ClCompile>
    <ClCompile Include="DX3D\Vendor\IMGUI\backends\imgui_impl_win32.cpp">
      <Filter>IMGUI\backends</Filter>
    </ClCompile>
    <ClCompile Include="DX3D\Vendor\IMGUI\backends\imgui_impl_dx11.cpp">
      <Filter>IMGUI\backends</Filter>
    </ClCompile>
    <ClCompile Include="DX3D\Source\DX3D\Window\Window.cpp" />
    <ClCompile Include="Game\main.cpp" />
    <ClCompile Include="DX3D\Source\DX3D\Game\Game.cpp" />
    <ClCompile Include="DX3D\Source\DX3D\Game\Win32\Win32.cpp" />
    <ClCompile Include="DX3D\Source\DX3D\Graphics\GraphicsEngine.cpp" />
    <ClCompile Include="DX3D\Source\DX3D\Graphics\RenderSystem.cpp" />
    <ClCompile Include="DX3D\Source\DX3D\Graphics\DeviceContext.cpp" />
    <ClCompile Include="DX3D\Source\DX3D\Graphics\ConstantBuffer.cpp" />
    <ClCompile Include="DX3D\Source\DX3D\Graphics\IndexBuffer.cpp" />
    <ClCompile Include="DX3D\Source\DX3D\Graphics\PixelShader.cpp" />
    <ClCompile Include="DX3D\Source\DX3D\Graphics\SwapChain.cpp" />
    <ClCompile Include="DX3D\Source\DX3D\Graphics\VertexBuffer.cpp" />
    <ClCompile Include="DX3D\Source\DX3D\Graphics\VertexShader.cpp" />
    <ClCompile Include="DX3D\Source\DX3D\Game\Display.cpp" />
    <ClCompile Include="DX3D\Source\DX3D\Resource\ResourceManager.cpp" />
    <ClCompile Include="DX3D\Source\DX3D\Resource\Resource.cpp" />
    <ClCompile Include="DX3D\Source\DX3D\Resource\Mesh.cpp" />
    <ClCompile Include="DX3D\Source\DX3D\Graphics\Texture2D.cpp" />
    <ClCompile Include="DX3D\Source\DX3D\Resource\Texture.cpp" />
    <ClCompile Include="DX3D\Source\DX3D\Resource\Material.cpp" />
    <ClCompile Include="DX3D\Source\DX3D\Input\InputSystem.cpp" />
    <ClCompile Include="Game\MainGame.cpp" />
    <ClCompile Include="DX3D\Source\DX3D\Game\World.cpp" />
    <ClCompile Include="DX3D\Source\DX3D\GameObject\GameObject.cpp" />
    <ClCompile Include="Game\Player.cpp" />
    <ClCompile Include="DX3D\Source\DX3D\GameObject\Component.cpp" />
    <ClCompile Include="DX3D\Source\DX3D\GameObject\MeshComponent.cpp" />
    <ClCompile Include="DX3D\Source\DX3D\GameObject\TransformComponent.cpp" />
    <ClCompile Include="DX3D\Source\DX3D\GameObject\CameraComponent.cpp" />
    <ClCompile Include="DX3D\Source\DX3D\Game\EditorCamera.cpp" />
    <ClCompile Include="DX3D\Source\DX3D\User Interface\UIHandler.cpp" />
    <ClCompile Include="DX3D\Source\DX3D\User Interface\UI.cpp" />
    <ClCompile Include="DX3D\Source\DX3D\User Interface\MainBarUI.cpp" />
    <ClCompile Include="DX3D\Source\DX3D\Resource\PrimitiveFactory.cpp" />
    <ClCompile Include="DX3D\Source\DX3D\User Interface\HierarchyUI.cpp" />
    <ClCompile Include="DX3D\Source\DX3D\User Interface\InspectorUI.cpp" />
    <ClCompile Include="DX3D\Source\DX3D\GameObject\LightComponent.cpp" />
  </ItemGroup>
  <ItemGroup>
    <ClInclude Include="DX3D\Vendor\IMGUI\imconfig.h">
      <Filter>IMGUI</Filter>
    </ClInclude>
    <ClInclude Include="DX3D\Vendor\IMGUI\imgui.h">
      <Filter>IMGUI</Filter>
    </ClInclude>
    <ClInclude Include="DX3D\Vendor\IMGUI\imgui_internal.h">
      <Filter>IMGUI</Filter>
    </ClInclude>
    <ClInclude Include="DX3D\Vendor\IMGUI\imstb_rectpack.h">
      <Filter>IMGUI</Filter>
    </ClInclude>
    <ClInclude Include="DX3D\Vendor\IMGUI\imstb_textedit.h">
      <Filter>IMGUI</Filter>
    </ClInclude>
    <ClInclude Include="DX3D\Vendor\IMGUI\imstb_truetype.h">
      <Filter>IMGUI</Filter>
    </ClInclude>
    <ClInclude Include="DX3D\Vendor\IMGUI\backends\imgui_impl_win32.h">
      <Filter>IMGUI\backends</Filter>
    </ClInclude>
    <ClInclude Include="DX3D\Vendor\IMGUI\backends\imgui_impl_dx11.h">
      <Filter>IMGUI\backends</Filter>
    </ClInclude>
    <ClInclude Include="DX3D\Include\DX3D\Window\Window.h" />
    <ClInclude Include="DX3D\Include\DX3D\Math\Rect.h" />
    <ClInclude Include="DX3D\Include\DX3D\Settings.h" />
    <ClInclude Include="DX3D\Include\DX3D\Prerequisites.h" />
    <ClInclude Include="DX3D\Include\DX3D\Game\Game.h" />
    <ClInclude Include="DX3D\Include\DX3D\Graphics\GraphicsEngine.h" />
    <ClInclude Include="DX3D\Include\DX3D\Graphics\RenderSystem.h" />
    <ClInclude Include="DX3D\Include\DX3D\Graphics\DeviceContext.h" />
    <ClInclude Include="DX3D\Include\DX3D\Graphics\ConstantBuffer.h" />
    <ClInclude Include="DX3D\Include\DX3D\Graphics\IndexBuffer.h" />
    <ClInclude Include="DX3D\Include\DX3D\Graphics\PixelShader.h" />
    <ClInclude Include="DX3D\Include\DX3D\Graphics\SwapChain.h" />
    <ClInclude Include="DX3D\Include\DX3D\Graphics\VertexBuffer.h" />
    <ClInclude Include="DX3D\Include\DX3D\Graphics\VertexShader.h" />
    <ClInclude Include="DX3D\Include\DX3D\Game\Display.h" />
    <ClInclude Include="DX3D\Include\DX3D\Resource\ResourceManager.h" />
    <ClInclude Include="DX3D\Include\DX3D\Resource\Resource.h" />
    <ClInclude Include="DX3D\Include\DX3D\Resource\Mesh.h" />
    <ClInclude Include="DX3D\Include\DX3D\Math\Matrix4x4.h" />
    <ClInclude Include="DX3D\Include\DX3D\Math\Vector2D.h" />
    <ClInclude Include="DX3D\Include\DX3D\Math\Vector3D.h" />
    <ClInclude Include="DX3D\Include\DX3D\Math\Vector4D.h" />
    <ClInclude Include="DX3D\Include\DX3D\Math\VertexMesh.h" />
    <ClInclude Include="DX3D\Include\DX3D\Graphics\Texture2D.h" />
    <ClInclude Include="DX3D\Include\DX3D\Resource\Texture.h" />
    <ClInclude Include="DX3D\Include\DX3D\Resource\Material.h" />
    <ClInclude Include="DX3D\Include\DX3D\Input\InputSystem.h" />
    <ClInclude Include="Game\MainGame.h" />
    <ClInclude Include="DX3D\Include\DX3D\Game\World.h" />
    <ClInclude Include="DX3D\Include\DX3D\GameObject\GameObject.h" />
    <ClInclude Include="DX3D\Include\DX3D\All.h" />
    <ClInclude Include="Game\Player.h" />
    <ClInclude Include="DX3D\Include\DX3D\GameObject\Component.h" />
    <ClInclude Include="DX3D\Include\DX3D\GameObject\TransformComponent.h" />
    <ClInclude Include="DX3D\Include\DX3D\GameObject\MeshComponent.h" />
    <ClInclude Include="DX3D\Include\DX3D\Game\EditorCamera.h" />
    <ClInclude Include="DX3D\Include\DX3D\User Interface\UIHandler.h" />
    <ClInclude Include="DX3D\Include\DX3D\User Interface\UI.h" />
    <ClInclude Include="DX3D\Include\DX3D\User Interface\MainBarUI.h" />
    <ClInclude Include="DX3D\Include\DX3D\Resource\PrimitiveFactory.h" />
    <ClInclude Include="DX3D\Include\DX3D\User Interface\HierarchyUI.h" />
    <ClInclude Include="DX3D\Include\DX3D\User Interface\InspectorUI.h" />
    <ClInclude Include="DX3D\Include\DX3D\GameObject\LightComponent.h" />
    <ClInclude Include="DX3D\Include\DX3D\Commands\SpawnObjectCommand.h" />
    <ClInclude Include="DX3D\Include\DX3D\Commands\DeleteObjectCommand.h" />
    <ClInclude Include="DX3D\Include\DX3D\Commands\CommandInvoker.h" />
    <ClInclude Include="DX3D\Include\DX3D\Commands\Command.h" />
    <ClInclude Include="DX3D\Include\DX3D\Commands\TransformCommand.h" />
  </ItemGroup>
  <ItemGroup>
    <FxCompile Include="Assets\Shaders\VertexShader.hlsl">
      <Filter>GraphicsEngine\ShaderManager</Filter>
    </FxCompile>
    <FxCompile Include="Assets\Shaders\PixelShader.hlsl">
      <Filter>GraphicsEngine\ShaderManager</Filter>
    </FxCompile>
    <FxCompile Include="Assets\Shaders\VertexMeshLayoutShader.hlsl">
      <Filter>GraphicsEngine\ShaderManager</Filter>
    </FxCompile>
    <FxCompile Include="Assets\Shaders\Material.hlsl" />
  </ItemGroup>
  <ItemGroup>
    <None Include="DX3D\Include\DX3D\GameObject\CameraComponent.h" />
  </ItemGroup>
  <ItemGroup>
    <Image Include="C:\Users\Nikos\Downloads\CPP-3D-Game-Tutorial-Series-AssetsAndLibs\CPP-3D-Game-Tutorial-Series-AssetsAndLibs\Assets\Textures\wood.jpg" />
  </ItemGroup>
</Project>